
Microsoft Visual Studio Solution File, Format Version 12.00
# Visual Studio Version 17
VisualStudioVersion = 17.5.002.0
MinimumVisualStudioVersion = 10.0.40219.1
Project("{9A19103F-16F7-4668-BE54-9A1E7A4F7556}") = "dotnet", "dotnet.csproj", "{2391FA42-6BB3-4F6D-902E-0173C26C9937}"
EndProject
Global
	GlobalSection(SolutionConfigurationPlatforms) = preSolution
		Debug|Any CPU = Debug|Any CPU
		Release|Any CPU = Release|Any CPU
	EndGlobalSection
	GlobalSection(ProjectConfigurationPlatforms) = postSolution
		{2391FA42-6BB3-4F6D-902E-0173C26C9937}.Debug|Any CPU.ActiveCfg = Debug|Any CPU
		{2391FA42-6BB3-4F6D-902E-0173C26C9937}.Debug|Any CPU.Build.0 = Debug|Any CPU
		{2391FA42-6BB3-4F6D-902E-0173C26C9937}.Release|Any CPU.ActiveCfg = Release|Any CPU
		{2391FA42-6BB3-4F6D-902E-0173C26C9937}.Release|Any CPU.Build.0 = Release|Any CPU
	EndGlobalSection
	GlobalSection(SolutionProperties) = preSolution
		HideSolutionNode = FALSE
	EndGlobalSection
	GlobalSection(ExtensibilityGlobals) = postSolution
		SolutionGuid = {24C49CEC-4CEA-4221-A792-5A02EC200E29}
	EndGlobalSection
EndGlobal
